
Microsoft Visual Studio Solution File, Format Version 12.00
# Visual Studio Version 17
VisualStudioVersion = 17.8.34330.188
MinimumVisualStudioVersion = 10.0.40219.1
Project("{FAE04EC0-301F-11D3-BF4B-00C04F79EFBC}") = "OnlineLibrary", "OnlineLibrary.csproj", "{69AA52D6-6D7B-445D-8E3A-8D3126C350C1}"
EndProject
Global
	GlobalSection(SolutionConfigurationPlatforms) = preSolution
		Debug|Any CPU = Debug|Any CPU
		Release|Any CPU = Release|Any CPU
	EndGlobalSection
	GlobalSection(ProjectConfigurationPlatforms) = postSolution
		{69AA52D6-6D7B-445D-8E3A-8D3126C350C1}.Debug|Any CPU.ActiveCfg = Debug|Any CPU
		{69AA52D6-6D7B-445D-8E3A-8D3126C350C1}.Debug|Any CPU.Build.0 = Debug|Any CPU
		{69AA52D6-6D7B-445D-8E3A-8D3126C350C1}.Release|Any CPU.ActiveCfg = Release|Any CPU
		{69AA52D6-6D7B-445D-8E3A-8D3126C350C1}.Release|Any CPU.Build.0 = Release|Any CPU
	EndGlobalSection
	GlobalSection(SolutionProperties) = preSolution
		HideSolutionNode = FALSE
	EndGlobalSection
	GlobalSection(ExtensibilityGlobals) = postSolution
		SolutionGuid = {3E14EB31-B2A9-4978-8540-59749F533F76}
	EndGlobalSection
EndGlobal
